
Microsoft Visual Studio Solution File, Format Version 12.00
# Visual Studio 2013
VisualStudioVersion = 12.0.31101.0
MinimumVisualStudioVersion = 10.0.40219.1
Project("{FAE04EC0-301F-11D3-BF4B-00C04F79EFBC}") = "01.OddOrEven", "01.OddOrEven\01.OddOrEven.csproj", "{FC17FE44-BA9B-4D22-BC80-DA9021429F2D}"
EndProject
Project("{FAE04EC0-301F-11D3-BF4B-00C04F79EFBC}") = "02.MoonGravitation", "02.MoonGravitation\02.MoonGravitation.csproj", "{C613CC9B-9B2B-45FF-861D-BE41A3F486BD}"
EndProject
Project("{FAE04EC0-301F-11D3-BF4B-00C04F79EFBC}") = "03.DivideBySevenAndFIve", "03.DivideBySevenAndFIve\03.DivideBySevenAndFIve.csproj", "{8B275962-11FC-48E2-9E2C-C49F251BE22C}"
EndProject
Project("{FAE04EC0-301F-11D3-BF4B-00C04F79EFBC}") = "04.Rectangles", "04.Rectangles\04.Rectangles.csproj", "{C7F7E87B-0536-4ED9-A1A4-F38CAC5EC373}"
EndProject
Project("{FAE04EC0-301F-11D3-BF4B-00C04F79EFBC}") = "05.ThirdDigit7", "05.ThirdDigit7\05.ThirdDigit7.csproj", "{EB615DE2-1E4F-44FA-B2D3-FD003D07B782}"
EndProject
Project("{FAE04EC0-301F-11D3-BF4B-00C04F79EFBC}") = "06.FourDigitNumber", "06.FourDigitNumber\06.FourDigitNumber.csproj", "{AD815687-E891-4539-AAF6-42DC8478503F}"
EndProject
Project("{FAE04EC0-301F-11D3-BF4B-00C04F79EFBC}") = "07.PointInCircle", "07.PointInCircle\07.PointInCircle.csproj", "{6BBCF74D-FA81-449A-A754-7648D7D038D5}"
EndProject
Project("{FAE04EC0-301F-11D3-BF4B-00C04F79EFBC}") = "08.IsPrime", "08.IsPrime\08.IsPrime.csproj", "{C997E6A1-0A05-40FF-949F-8E96A897114C}"
EndProject
Project("{FAE04EC0-301F-11D3-BF4B-00C04F79EFBC}") = "09.Trapezoids", "09.Trapezoids\09.Trapezoids.csproj", "{9F4E3CFC-3111-460D-B36A-A425BA55F1F4}"
EndProject
Project("{FAE04EC0-301F-11D3-BF4B-00C04F79EFBC}") = "10.InsideCircleAndRectangle", "10.InsideCircleAndRectangle\10.InsideCircleAndRectangle.csproj", "{7901C028-76D8-48BB-8086-455B306AE962}"
EndProject
Project("{FAE04EC0-301F-11D3-BF4B-00C04F79EFBC}") = "11.BItwise", "11.BItwise\11.BItwise.csproj", "{4C00AE5A-331B-42AA-8696-E8987618E6EC}"
EndProject
Project("{FAE04EC0-301F-11D3-BF4B-00C04F79EFBC}") = "12.ExtractBitFromInteger", "12.ExtractBitFromInteger\12.ExtractBitFromInteger.csproj", "{F423FFA2-C7A5-44DE-999B-6BE8129E9501}"
EndProject
Project("{FAE04EC0-301F-11D3-BF4B-00C04F79EFBC}") = "13.CheckBitAtGivenPosition", "13.CheckBitAtGivenPosition\13.CheckBitAtGivenPosition.csproj", "{F9E7ADA7-3B18-4F77-9CBE-890647DEB932}"
EndProject
Project("{FAE04EC0-301F-11D3-BF4B-00C04F79EFBC}") = "14.ModifyBitAtGivenPosition", "14.ModifyBitAtGivenPosition\14.ModifyBitAtGivenPosition.csproj", "{91B2F4CD-E687-44B2-A4FE-0A2FA256A6AB}"
EndProject
Project("{FAE04EC0-301F-11D3-BF4B-00C04F79EFBC}") = "15.BitExchange", "15.BitExchange\15.BitExchange.csproj", "{53522A99-AFB4-4964-A51B-A8CE013D393D}"
EndProject
Global
	GlobalSection(SolutionConfigurationPlatforms) = preSolution
		Debug|Any CPU = Debug|Any CPU
		Release|Any CPU = Release|Any CPU
	EndGlobalSection
	GlobalSection(ProjectConfigurationPlatforms) = postSolution
		{FC17FE44-BA9B-4D22-BC80-DA9021429F2D}.Debug|Any CPU.ActiveCfg = Debug|Any CPU
		{FC17FE44-BA9B-4D22-BC80-DA9021429F2D}.Debug|Any CPU.Build.0 = Debug|Any CPU
		{FC17FE44-BA9B-4D22-BC80-DA9021429F2D}.Release|Any CPU.ActiveCfg = Release|Any CPU
		{FC17FE44-BA9B-4D22-BC80-DA9021429F2D}.Release|Any CPU.Build.0 = Release|Any CPU
		{C613CC9B-9B2B-45FF-861D-BE41A3F486BD}.Debug|Any CPU.ActiveCfg = Debug|Any CPU
		{C613CC9B-9B2B-45FF-861D-BE41A3F486BD}.Debug|Any CPU.Build.0 = Debug|Any CPU
		{C613CC9B-9B2B-45FF-861D-BE41A3F486BD}.Release|Any CPU.ActiveCfg = Release|Any CPU
		{C613CC9B-9B2B-45FF-861D-BE41A3F486BD}.Release|Any CPU.Build.0 = Release|Any CPU
		{8B275962-11FC-48E2-9E2C-C49F251BE22C}.Debug|Any CPU.ActiveCfg = Debug|Any CPU
		{8B275962-11FC-48E2-9E2C-C49F251BE22C}.Debug|Any CPU.Build.0 = Debug|Any CPU
		{8B275962-11FC-48E2-9E2C-C49F251BE22C}.Release|Any CPU.ActiveCfg = Release|Any CPU
		{8B275962-11FC-48E2-9E2C-C49F251BE22C}.Release|Any CPU.Build.0 = Release|Any CPU
		{C7F7E87B-0536-4ED9-A1A4-F38CAC5EC373}.Debug|Any CPU.ActiveCfg = Debug|Any CPU
		{C7F7E87B-0536-4ED9-A1A4-F38CAC5EC373}.Debug|Any CPU.Build.0 = Debug|Any CPU
		{C7F7E87B-0536-4ED9-A1A4-F38CAC5EC373}.Release|Any CPU.ActiveCfg = Release|Any CPU
		{C7F7E87B-0536-4ED9-A1A4-F38CAC5EC373}.Release|Any CPU.Build.0 = Release|Any CPU
		{EB615DE2-1E4F-44FA-B2D3-FD003D07B782}.Debug|Any CPU.ActiveCfg = Debug|Any CPU
		{EB615DE2-1E4F-44FA-B2D3-FD003D07B782}.Debug|Any CPU.Build.0 = Debug|Any CPU
		{EB615DE2-1E4F-44FA-B2D3-FD003D07B782}.Release|Any CPU.ActiveCfg = Release|Any CPU
		{EB615DE2-1E4F-44FA-B2D3-FD003D07B782}.Release|Any CPU.Build.0 = Release|Any CPU
		{AD815687-E891-4539-AAF6-42DC8478503F}.Debug|Any CPU.ActiveCfg = Debug|Any CPU
		{AD815687-E891-4539-AAF6-42DC8478503F}.Debug|Any CPU.Build.0 = Debug|Any CPU
		{AD815687-E891-4539-AAF6-42DC8478503F}.Release|Any CPU.ActiveCfg = Release|Any CPU
		{AD815687-E891-4539-AAF6-42DC8478503F}.Release|Any CPU.Build.0 = Release|Any CPU
		{6BBCF74D-FA81-449A-A754-7648D7D038D5}.Debug|Any CPU.ActiveCfg = Debug|Any CPU
		{6BBCF74D-FA81-449A-A754-7648D7D038D5}.Debug|Any CPU.Build.0 = Debug|Any CPU
		{6BBCF74D-FA81-449A-A754-7648D7D038D5}.Release|Any CPU.ActiveCfg = Release|Any CPU
		{6BBCF74D-FA81-449A-A754-7648D7D038D5}.Release|Any CPU.Build.0 = Release|Any CPU
		{C997E6A1-0A05-40FF-949F-8E96A897114C}.Debug|Any CPU.ActiveCfg = Debug|Any CPU
		{C997E6A1-0A05-40FF-949F-8E96A897114C}.Debug|Any CPU.Build.0 = Debug|Any CPU
		{C997E6A1-0A05-40FF-949F-8E96A897114C}.Release|Any CPU.ActiveCfg = Release|Any CPU
		{C997E6A1-0A05-40FF-949F-8E96A897114C}.Release|Any CPU.Build.0 = Release|Any CPU
		{9F4E3CFC-3111-460D-B36A-A425BA55F1F4}.Debug|Any CPU.ActiveCfg = Debug|Any CPU
		{9F4E3CFC-3111-460D-B36A-A425BA55F1F4}.Debug|Any CPU.Build.0 = Debug|Any CPU
		{9F4E3CFC-3111-460D-B36A-A425BA55F1F4}.Release|Any CPU.ActiveCfg = Release|Any CPU
		{9F4E3CFC-3111-460D-B36A-A425BA55F1F4}.Release|Any CPU.Build.0 = Release|Any CPU
		{7901C028-76D8-48BB-8086-455B306AE962}.Debug|Any CPU.ActiveCfg = Debug|Any CPU
		{7901C028-76D8-48BB-8086-455B306AE962}.Debug|Any CPU.Build.0 = Debug|Any CPU
		{7901C028-76D8-48BB-8086-455B306AE962}.Release|Any CPU.ActiveCfg = Release|Any CPU
		{7901C028-76D8-48BB-8086-455B306AE962}.Release|Any CPU.Build.0 = Release|Any CPU
		{4C00AE5A-331B-42AA-8696-E8987618E6EC}.Debug|Any CPU.ActiveCfg = Debug|Any CPU
		{4C00AE5A-331B-42AA-8696-E8987618E6EC}.Debug|Any CPU.Build.0 = Debug|Any CPU
		{4C00AE5A-331B-42AA-8696-E8987618E6EC}.Release|Any CPU.ActiveCfg = Release|Any CPU
		{4C00AE5A-331B-42AA-8696-E8987618E6EC}.Release|Any CPU.Build.0 = Release|Any CPU
		{F423FFA2-C7A5-44DE-999B-6BE8129E9501}.Debug|Any CPU.ActiveCfg = Debug|Any CPU
		{F423FFA2-C7A5-44DE-999B-6BE8129E9501}.Debug|Any CPU.Build.0 = Debug|Any CPU
		{F423FFA2-C7A5-44DE-999B-6BE8129E9501}.Release|Any CPU.ActiveCfg = Release|Any CPU
		{F423FFA2-C7A5-44DE-999B-6BE8129E9501}.Release|Any CPU.Build.0 = Release|Any CPU
		{F9E7ADA7-3B18-4F77-9CBE-890647DEB932}.Debug|Any CPU.ActiveCfg = Debug|Any CPU
		{F9E7ADA7-3B18-4F77-9CBE-890647DEB932}.Debug|Any CPU.Build.0 = Debug|Any CPU
		{F9E7ADA7-3B18-4F77-9CBE-890647DEB932}.Release|Any CPU.ActiveCfg = Release|Any CPU
		{F9E7ADA7-3B18-4F77-9CBE-890647DEB932}.Release|Any CPU.Build.0 = Release|Any CPU
		{91B2F4CD-E687-44B2-A4FE-0A2FA256A6AB}.Debug|Any CPU.ActiveCfg = Debug|Any CPU
		{91B2F4CD-E687-44B2-A4FE-0A2FA256A6AB}.Debug|Any CPU.Build.0 = Debug|Any CPU
		{91B2F4CD-E687-44B2-A4FE-0A2FA256A6AB}.Release|Any CPU.ActiveCfg = Release|Any CPU
		{91B2F4CD-E687-44B2-A4FE-0A2FA256A6AB}.Release|Any CPU.Build.0 = Release|Any CPU
		{53522A99-AFB4-4964-A51B-A8CE013D393D}.Debug|Any CPU.ActiveCfg = Debug|Any CPU
		{53522A99-AFB4-4964-A51B-A8CE013D393D}.Debug|Any CPU.Build.0 = Debug|Any CPU
		{53522A99-AFB4-4964-A51B-A8CE013D393D}.Release|Any CPU.ActiveCfg = Release|Any CPU
		{53522A99-AFB4-4964-A51B-A8CE013D393D}.Release|Any CPU.Build.0 = Release|Any CPU
	EndGlobalSection
	GlobalSection(SolutionProperties) = preSolution
		HideSolutionNode = FALSE
	EndGlobalSection
EndGlobal
